// !$*UTF8*$!
{
	archiveVersion = 1;
	classes = {
	};
	objectVersion = 52;
	objects = {

/* Begin PBXBuildFile section */
		AB9FF5712435B9A500089AC9 /* AppDelegate.swift in Sources */ = {isa = PBXBuildFile; fileRef = AB9FF5702435B9A500089AC9 /* AppDelegate.swift */; };
		AB9FF5732435B9A500089AC9 /* SceneDelegate.swift in Sources */ = {isa = PBXBuildFile; fileRef = AB9FF5722435B9A500089AC9 /* SceneDelegate.swift */; };
		AB9FF57A2435B9A700089AC9 /* Assets.xcassets in Resources */ = {isa = PBXBuildFile; fileRef = AB9FF5792435B9A700089AC9 /* Assets.xcassets */; };
		AB9FF57D2435B9A700089AC9 /* LaunchScreen.storyboard in Resources */ = {isa = PBXBuildFile; fileRef = AB9FF57B2435B9A700089AC9 /* LaunchScreen.storyboard */; };
		AB9FF5882435B9A700089AC9 /* ExchangeDemoTests.swift in Sources */ = {isa = PBXBuildFile; fileRef = AB9FF5872435B9A700089AC9 /* ExchangeDemoTests.swift */; };
		AB9FF59D2435BA8900089AC9 /* CurrencyListViewModel.swift in Sources */ = {isa = PBXBuildFile; fileRef = AB9FF59B2435BA8900089AC9 /* CurrencyListViewModel.swift */; };
		AB9FF59E2435BA8900089AC9 /* CurrencyListViewController.swift in Sources */ = {isa = PBXBuildFile; fileRef = AB9FF59C2435BA8900089AC9 /* CurrencyListViewController.swift */; };
		AB9FF5A12435BAA400089AC9 /* CurrencyHistoryViewController.swift in Sources */ = {isa = PBXBuildFile; fileRef = AB9FF59F2435BAA400089AC9 /* CurrencyHistoryViewController.swift */; };
		AB9FF5A22435BAA400089AC9 /* CurrencyHistoryViewModel.swift in Sources */ = {isa = PBXBuildFile; fileRef = AB9FF5A02435BAA400089AC9 /* CurrencyHistoryViewModel.swift */; };
		AB9FF5A52435BAC200089AC9 /* SettingsViewController.swift in Sources */ = {isa = PBXBuildFile; fileRef = AB9FF5A32435BAC200089AC9 /* SettingsViewController.swift */; };
		AB9FF5A62435BAC200089AC9 /* SettingsViewModel.swift in Sources */ = {isa = PBXBuildFile; fileRef = AB9FF5A42435BAC200089AC9 /* SettingsViewModel.swift */; };
		AB9FF5A82435BADF00089AC9 /* SceneModuleFactory.swift in Sources */ = {isa = PBXBuildFile; fileRef = AB9FF5A72435BADF00089AC9 /* SceneModuleFactory.swift */; };
		AB9FF5AA2435BB0000089AC9 /* ExchangeConnection.swift in Sources */ = {isa = PBXBuildFile; fileRef = AB9FF5A92435BB0000089AC9 /* ExchangeConnection.swift */; };
		ABC57AAF2435C0E800A8E901 /* Alamofire in Frameworks */ = {isa = PBXBuildFile; productRef = ABC57AAE2435C0E800A8E901 /* Alamofire */; };
		ABC57AB224366FE900A8E901 /* UITableViewCell+Extensions.swift in Sources */ = {isa = PBXBuildFile; fileRef = ABC57AB124366FE900A8E901 /* UITableViewCell+Extensions.swift */; };
		ABC57AB424367F0E00A8E901 /* Collection+Extensions.swift in Sources */ = {isa = PBXBuildFile; fileRef = ABC57AB324367F0E00A8E901 /* Collection+Extensions.swift */; };
		ABC57AB624367F9B00A8E901 /* Autolayout+Extensions.swift in Sources */ = {isa = PBXBuildFile; fileRef = ABC57AB524367F9B00A8E901 /* Autolayout+Extensions.swift */; };
		ABC57ABA24368B6A00A8E901 /* CurrencyListCell.swift in Sources */ = {isa = PBXBuildFile; fileRef = ABC57AB924368B6A00A8E901 /* CurrencyListCell.swift */; };
		ABC57ABC2436900500A8E901 /* NumberFormatter+Extensions.swift in Sources */ = {isa = PBXBuildFile; fileRef = ABC57ABB2436900500A8E901 /* NumberFormatter+Extensions.swift */; };
		ABC57AC324372E2900A8E901 /* DateFormatter.swift in Sources */ = {isa = PBXBuildFile; fileRef = ABC57AC224372E2900A8E901 /* DateFormatter.swift */; };
		ABC57AC52437507A00A8E901 /* UIEdgesInsets.swift in Sources */ = {isa = PBXBuildFile; fileRef = ABC57AC42437507A00A8E901 /* UIEdgesInsets.swift */; };
		ABC57AC82437529800A8E901 /* Coordinator.swift in Sources */ = {isa = PBXBuildFile; fileRef = ABC57AC72437529800A8E901 /* Coordinator.swift */; };
		ABC57ACA243752A500A8E901 /* AppCoordinator.swift in Sources */ = {isa = PBXBuildFile; fileRef = ABC57AC9243752A500A8E901 /* AppCoordinator.swift */; };
		ABC57ACC2437539000A8E901 /* UIViewController+Extensions.swift in Sources */ = {isa = PBXBuildFile; fileRef = ABC57ACB2437539000A8E901 /* UIViewController+Extensions.swift */; };
		ABC57ACF243A1C1400A8E901 /* UILabel+Extenions.swift in Sources */ = {isa = PBXBuildFile; fileRef = ABC57ACE243A1C1400A8E901 /* UILabel+Extenions.swift */; };
		ABC57AD1243A1D5000A8E901 /* UIStackview+Extensions.swift in Sources */ = {isa = PBXBuildFile; fileRef = ABC57AD0243A1D5000A8E901 /* UIStackview+Extensions.swift */; };
		ABC57AD3243A2F6200A8E901 /* Settings.swift in Sources */ = {isa = PBXBuildFile; fileRef = ABC57AD2243A2F6200A8E901 /* Settings.swift */; };
		ABC57AD5243A2FD800A8E901 /* CodablePersistency.swift in Sources */ = {isa = PBXBuildFile; fileRef = ABC57AD4243A2FD800A8E901 /* CodablePersistency.swift */; };
		ABC57AD9243A483800A8E901 /* Decimal+Extensions.swift in Sources */ = {isa = PBXBuildFile; fileRef = ABC57AD8243A483800A8E901 /* Decimal+Extensions.swift */; };
		ABC57ADB243A4A5F00A8E901 /* Date+Extensions.swift in Sources */ = {isa = PBXBuildFile; fileRef = ABC57ADA243A4A5F00A8E901 /* Date+Extensions.swift */; };
		ABC57AE4243AFEC100A8E901 /* CurrencyHistoryCell.swift in Sources */ = {isa = PBXBuildFile; fileRef = ABC57AE3243AFEC100A8E901 /* CurrencyHistoryCell.swift */; };
		ABC57AEC243B03AE00A8E901 /* ChartSeries.swift in Sources */ = {isa = PBXBuildFile; fileRef = ABC57AE9243B03AE00A8E901 /* ChartSeries.swift */; };
		ABC57AED243B03AE00A8E901 /* ChartColors.swift in Sources */ = {isa = PBXBuildFile; fileRef = ABC57AEA243B03AE00A8E901 /* ChartColors.swift */; };
		ABC57AEE243B03AE00A8E901 /* Chart.swift in Sources */ = {isa = PBXBuildFile; fileRef = ABC57AEB243B03AE00A8E901 /* Chart.swift */; };
/* End PBXBuildFile section */

/* Begin PBXContainerItemProxy section */
		AB9FF5842435B9A700089AC9 /* PBXContainerItemProxy */ = {
			isa = PBXContainerItemProxy;
			containerPortal = AB9FF5652435B9A500089AC9 /* Project object */;
			proxyType = 1;
			remoteGlobalIDString = AB9FF56C2435B9A500089AC9;
			remoteInfo = ExchangeDemo;
		};
/* End PBXContainerItemProxy section */

/* Begin PBXFileReference section */
		AB9FF56D2435B9A500089AC9 /* ExchangeDemo.app */ = {isa = PBXFileReference; explicitFileType = wrapper.application; includeInIndex = 0; path = ExchangeDemo.app; sourceTree = BUILT_PRODUCTS_DIR; };
		AB9FF5702435B9A500089AC9 /* AppDelegate.swift */ = {isa = PBXFileReference; lastKnownFileType = sourcecode.swift; path = AppDelegate.swift; sourceTree = "<group>"; };
		AB9FF5722435B9A500089AC9 /* SceneDelegate.swift */ = {isa = PBXFileReference; lastKnownFileType = sourcecode.swift; path = SceneDelegate.swift; sourceTree = "<group>"; };
		AB9FF5792435B9A700089AC9 /* Assets.xcassets */ = {isa = PBXFileReference; lastKnownFileType = folder.assetcatalog; path = Assets.xcassets; sourceTree = "<group>"; };
		AB9FF57C2435B9A700089AC9 /* Base */ = {isa = PBXFileReference; lastKnownFileType = file.storyboard; name = Base; path = Base.lproj/LaunchScreen.storyboard; sourceTree = "<group>"; };
		AB9FF57E2435B9A700089AC9 /* Info.plist */ = {isa = PBXFileReference; lastKnownFileType = text.plist.xml; path = Info.plist; sourceTree = "<group>"; };
		AB9FF5832435B9A700089AC9 /* ExchangeDemoTests.xctest */ = {isa = PBXFileReference; explicitFileType = wrapper.cfbundle; includeInIndex = 0; path = ExchangeDemoTests.xctest; sourceTree = BUILT_PRODUCTS_DIR; };
		AB9FF5872435B9A700089AC9 /* ExchangeDemoTests.swift */ = {isa = PBXFileReference; lastKnownFileType = sourcecode.swift; path = ExchangeDemoTests.swift; sourceTree = "<group>"; };
		AB9FF5892435B9A700089AC9 /* Info.plist */ = {isa = PBXFileReference; lastKnownFileType = text.plist.xml; path = Info.plist; sourceTree = "<group>"; };
		AB9FF59B2435BA8900089AC9 /* CurrencyListViewModel.swift */ = {isa = PBXFileReference; fileEncoding = 4; lastKnownFileType = sourcecode.swift; path = CurrencyListViewModel.swift; sourceTree = "<group>"; };
		AB9FF59C2435BA8900089AC9 /* CurrencyListViewController.swift */ = {isa = PBXFileReference; fileEncoding = 4; lastKnownFileType = sourcecode.swift; path = CurrencyListViewController.swift; sourceTree = "<group>"; };
		AB9FF59F2435BAA400089AC9 /* CurrencyHistoryViewController.swift */ = {isa = PBXFileReference; fileEncoding = 4; lastKnownFileType = sourcecode.swift; path = CurrencyHistoryViewController.swift; sourceTree = "<group>"; };
		AB9FF5A02435BAA400089AC9 /* CurrencyHistoryViewModel.swift */ = {isa = PBXFileReference; fileEncoding = 4; lastKnownFileType = sourcecode.swift; path = CurrencyHistoryViewModel.swift; sourceTree = "<group>"; };
		AB9FF5A32435BAC200089AC9 /* SettingsViewController.swift */ = {isa = PBXFileReference; fileEncoding = 4; lastKnownFileType = sourcecode.swift; path = SettingsViewController.swift; sourceTree = "<group>"; };
		AB9FF5A42435BAC200089AC9 /* SettingsViewModel.swift */ = {isa = PBXFileReference; fileEncoding = 4; lastKnownFileType = sourcecode.swift; path = SettingsViewModel.swift; sourceTree = "<group>"; };
		AB9FF5A72435BADF00089AC9 /* SceneModuleFactory.swift */ = {isa = PBXFileReference; fileEncoding = 4; lastKnownFileType = sourcecode.swift; path = SceneModuleFactory.swift; sourceTree = "<group>"; };
		AB9FF5A92435BB0000089AC9 /* ExchangeConnection.swift */ = {isa = PBXFileReference; fileEncoding = 4; lastKnownFileType = sourcecode.swift; path = ExchangeConnection.swift; sourceTree = "<group>"; };
		ABC57AB124366FE900A8E901 /* UITableViewCell+Extensions.swift */ = {isa = PBXFileReference; lastKnownFileType = sourcecode.swift; path = "UITableViewCell+Extensions.swift"; sourceTree = "<group>"; };
		ABC57AB324367F0E00A8E901 /* Collection+Extensions.swift */ = {isa = PBXFileReference; lastKnownFileType = sourcecode.swift; path = "Collection+Extensions.swift"; sourceTree = "<group>"; };
		ABC57AB524367F9B00A8E901 /* Autolayout+Extensions.swift */ = {isa = PBXFileReference; lastKnownFileType = sourcecode.swift; path = "Autolayout+Extensions.swift"; sourceTree = "<group>"; };
		ABC57AB924368B6A00A8E901 /* CurrencyListCell.swift */ = {isa = PBXFileReference; lastKnownFileType = sourcecode.swift; path = CurrencyListCell.swift; sourceTree = "<group>"; };
		ABC57ABB2436900500A8E901 /* NumberFormatter+Extensions.swift */ = {isa = PBXFileReference; lastKnownFileType = sourcecode.swift; path = "NumberFormatter+Extensions.swift"; sourceTree = "<group>"; };
		ABC57AC224372E2900A8E901 /* DateFormatter.swift */ = {isa = PBXFileReference; lastKnownFileType = sourcecode.swift; path = DateFormatter.swift; sourceTree = "<group>"; };
		ABC57AC42437507A00A8E901 /* UIEdgesInsets.swift */ = {isa = PBXFileReference; lastKnownFileType = sourcecode.swift; path = UIEdgesInsets.swift; sourceTree = "<group>"; };
		ABC57AC72437529800A8E901 /* Coordinator.swift */ = {isa = PBXFileReference; lastKnownFileType = sourcecode.swift; path = Coordinator.swift; sourceTree = "<group>"; };
		ABC57AC9243752A500A8E901 /* AppCoordinator.swift */ = {isa = PBXFileReference; lastKnownFileType = sourcecode.swift; path = AppCoordinator.swift; sourceTree = "<group>"; };
		ABC57ACB2437539000A8E901 /* UIViewController+Extensions.swift */ = {isa = PBXFileReference; lastKnownFileType = sourcecode.swift; path = "UIViewController+Extensions.swift"; sourceTree = "<group>"; };
		ABC57ACE243A1C1400A8E901 /* UILabel+Extenions.swift */ = {isa = PBXFileReference; lastKnownFileType = sourcecode.swift; path = "UILabel+Extenions.swift"; sourceTree = "<group>"; };
		ABC57AD0243A1D5000A8E901 /* UIStackview+Extensions.swift */ = {isa = PBXFileReference; lastKnownFileType = sourcecode.swift; path = "UIStackview+Extensions.swift"; sourceTree = "<group>"; };
		ABC57AD2243A2F6200A8E901 /* Settings.swift */ = {isa = PBXFileReference; lastKnownFileType = sourcecode.swift; path = Settings.swift; sourceTree = "<group>"; };
		ABC57AD4243A2FD800A8E901 /* CodablePersistency.swift */ = {isa = PBXFileReference; lastKnownFileType = sourcecode.swift; path = CodablePersistency.swift; sourceTree = "<group>"; };
		ABC57AD8243A483800A8E901 /* Decimal+Extensions.swift */ = {isa = PBXFileReference; lastKnownFileType = sourcecode.swift; path = "Decimal+Extensions.swift"; sourceTree = "<group>"; };
		ABC57ADA243A4A5F00A8E901 /* Date+Extensions.swift */ = {isa = PBXFileReference; lastKnownFileType = sourcecode.swift; path = "Date+Extensions.swift"; sourceTree = "<group>"; };
		ABC57AE3243AFEC100A8E901 /* CurrencyHistoryCell.swift */ = {isa = PBXFileReference; lastKnownFileType = sourcecode.swift; path = CurrencyHistoryCell.swift; sourceTree = "<group>"; };
		ABC57AE9243B03AE00A8E901 /* ChartSeries.swift */ = {isa = PBXFileReference; fileEncoding = 4; lastKnownFileType = sourcecode.swift; path = ChartSeries.swift; sourceTree = "<group>"; };
		ABC57AEA243B03AE00A8E901 /* ChartColors.swift */ = {isa = PBXFileReference; fileEncoding = 4; lastKnownFileType = sourcecode.swift; path = ChartColors.swift; sourceTree = "<group>"; };
		ABC57AEB243B03AE00A8E901 /* Chart.swift */ = {isa = PBXFileReference; fileEncoding = 4; lastKnownFileType = sourcecode.swift; path = Chart.swift; sourceTree = "<group>"; };
/* End PBXFileReference section */

/* Begin PBXFrameworksBuildPhase section */
		AB9FF56A2435B9A500089AC9 /* Frameworks */ = {
			isa = PBXFrameworksBuildPhase;
			buildActionMask = 2147483647;
			files = (
				ABC57AAF2435C0E800A8E901 /* Alamofire in Frameworks */,
			);
			runOnlyForDeploymentPostprocessing = 0;
		};
		AB9FF5802435B9A700089AC9 /* Frameworks */ = {
			isa = PBXFrameworksBuildPhase;
			buildActionMask = 2147483647;
			files = (
			);
			runOnlyForDeploymentPostprocessing = 0;
		};
/* End PBXFrameworksBuildPhase section */

/* Begin PBXGroup section */
		AB9FF5642435B9A500089AC9 = {
			isa = PBXGroup;
			children = (
				AB9FF56F2435B9A500089AC9 /* ExchangeDemo */,
				AB9FF5862435B9A700089AC9 /* ExchangeDemoTests */,
				AB9FF56E2435B9A500089AC9 /* Products */,
			);
			sourceTree = "<group>";
		};
		AB9FF56E2435B9A500089AC9 /* Products */ = {
			isa = PBXGroup;
			children = (
				AB9FF56D2435B9A500089AC9 /* ExchangeDemo.app */,
				AB9FF5832435B9A700089AC9 /* ExchangeDemoTests.xctest */,
			);
			name = Products;
			sourceTree = "<group>";
		};
		AB9FF56F2435B9A500089AC9 /* ExchangeDemo */ = {
			isa = PBXGroup;
			children = (
				AB9FF5702435B9A500089AC9 /* AppDelegate.swift */,
				AB9FF5722435B9A500089AC9 /* SceneDelegate.swift */,
				ABC57AE5243B016100A8E901 /* Components */,
				ABC57ACD2439E62300A8E901 /* Storages */,
				ABC57AB024366F9500A8E901 /* Extensions */,
				AB9FF5972435BA1000089AC9 /* Scenes */,
				AB9FF5962435BA0700089AC9 /* Connections */,
				AB9FF5792435B9A700089AC9 /* Assets.xcassets */,
				AB9FF57B2435B9A700089AC9 /* LaunchScreen.storyboard */,
				AB9FF57E2435B9A700089AC9 /* Info.plist */,
			);
			path = ExchangeDemo;
			sourceTree = "<group>";
		};
		AB9FF5862435B9A700089AC9 /* ExchangeDemoTests */ = {
			isa = PBXGroup;
			children = (
				AB9FF5872435B9A700089AC9 /* ExchangeDemoTests.swift */,
				AB9FF5892435B9A700089AC9 /* Info.plist */,
			);
			path = ExchangeDemoTests;
			sourceTree = "<group>";
		};
		AB9FF5962435BA0700089AC9 /* Connections */ = {
			isa = PBXGroup;
			children = (
				AB9FF5A92435BB0000089AC9 /* ExchangeConnection.swift */,
			);
			path = Connections;
			sourceTree = "<group>";
		};
		AB9FF5972435BA1000089AC9 /* Scenes */ = {
			isa = PBXGroup;
			children = (
				ABC57AC62437528800A8E901 /* Coordinators */,
				AB9FF5A72435BADF00089AC9 /* SceneModuleFactory.swift */,
				AB9FF5982435BA2500089AC9 /* ExchangeList */,
				AB9FF5992435BA4000089AC9 /* ExchangeHistory */,
				AB9FF59A2435BA5000089AC9 /* Settings */,
			);
			path = Scenes;
			sourceTree = "<group>";
		};
		AB9FF5982435BA2500089AC9 /* ExchangeList */ = {
			isa = PBXGroup;
			children = (
				AB9FF59C2435BA8900089AC9 /* CurrencyListViewController.swift */,
				AB9FF59B2435BA8900089AC9 /* CurrencyListViewModel.swift */,
				ABC57AB924368B6A00A8E901 /* CurrencyListCell.swift */,
			);
			path = ExchangeList;
			sourceTree = "<group>";
		};
		AB9FF5992435BA4000089AC9 /* ExchangeHistory */ = {
			isa = PBXGroup;
			children = (
				AB9FF59F2435BAA400089AC9 /* CurrencyHistoryViewController.swift */,
				AB9FF5A02435BAA400089AC9 /* CurrencyHistoryViewModel.swift */,
				ABC57AE3243AFEC100A8E901 /* CurrencyHistoryCell.swift */,
			);
			path = ExchangeHistory;
			sourceTree = "<group>";
		};
		AB9FF59A2435BA5000089AC9 /* Settings */ = {
			isa = PBXGroup;
			children = (
				AB9FF5A32435BAC200089AC9 /* SettingsViewController.swift */,
				AB9FF5A42435BAC200089AC9 /* SettingsViewModel.swift */,
			);
			path = Settings;
			sourceTree = "<group>";
		};
		ABC57AB024366F9500A8E901 /* Extensions */ = {
			isa = PBXGroup;
			children = (
				ABC57AB124366FE900A8E901 /* UITableViewCell+Extensions.swift */,
				ABC57AB324367F0E00A8E901 /* Collection+Extensions.swift */,
				ABC57AB524367F9B00A8E901 /* Autolayout+Extensions.swift */,
				ABC57ABB2436900500A8E901 /* NumberFormatter+Extensions.swift */,
				ABC57AC224372E2900A8E901 /* DateFormatter.swift */,
				ABC57AC42437507A00A8E901 /* UIEdgesInsets.swift */,
				ABC57ACB2437539000A8E901 /* UIViewController+Extensions.swift */,
				ABC57ACE243A1C1400A8E901 /* UILabel+Extenions.swift */,
				ABC57AD0243A1D5000A8E901 /* UIStackview+Extensions.swift */,
				ABC57AD8243A483800A8E901 /* Decimal+Extensions.swift */,
				ABC57ADA243A4A5F00A8E901 /* Date+Extensions.swift */,
			);
			path = Extensions;
			sourceTree = "<group>";
		};
		ABC57AC62437528800A8E901 /* Coordinators */ = {
			isa = PBXGroup;
			children = (
				ABC57AC72437529800A8E901 /* Coordinator.swift */,
				ABC57AC9243752A500A8E901 /* AppCoordinator.swift */,
			);
			path = Coordinators;
			sourceTree = "<group>";
		};
		ABC57ACD2439E62300A8E901 /* Storages */ = {
			isa = PBXGroup;
			children = (
				ABC57AD2243A2F6200A8E901 /* Settings.swift */,
				ABC57AD4243A2FD800A8E901 /* CodablePersistency.swift */,
			);
			path = Storages;
			sourceTree = "<group>";
		};
		ABC57AE5243B016100A8E901 /* Components */ = {
			isa = PBXGroup;
			children = (
				ABC57AE8243B039900A8E901 /* Chart */,
			);
			path = Components;
			sourceTree = "<group>";
		};
		ABC57AE8243B039900A8E901 /* Chart */ = {
			isa = PBXGroup;
			children = (
				ABC57AEB243B03AE00A8E901 /* Chart.swift */,
				ABC57AEA243B03AE00A8E901 /* ChartColors.swift */,
				ABC57AE9243B03AE00A8E901 /* ChartSeries.swift */,
			);
			path = Chart;
			sourceTree = "<group>";
		};
/* End PBXGroup section */

/* Begin PBXNativeTarget section */
		AB9FF56C2435B9A500089AC9 /* ExchangeDemo */ = {
			isa = PBXNativeTarget;
			buildConfigurationList = AB9FF58C2435B9A700089AC9 /* Build configuration list for PBXNativeTarget "ExchangeDemo" */;
			buildPhases = (
				AB9FF5692435B9A500089AC9 /* Sources */,
				AB9FF56A2435B9A500089AC9 /* Frameworks */,
				AB9FF56B2435B9A500089AC9 /* Resources */,
			);
			buildRules = (
			);
			dependencies = (
			);
			name = ExchangeDemo;
			packageProductDependencies = (
				ABC57AAE2435C0E800A8E901 /* Alamofire */,
			);
			productName = ExchangeDemo;
			productReference = AB9FF56D2435B9A500089AC9 /* ExchangeDemo.app */;
			productType = "com.apple.product-type.application";
		};
		AB9FF5822435B9A700089AC9 /* ExchangeDemoTests */ = {
			isa = PBXNativeTarget;
			buildConfigurationList = AB9FF58F2435B9A700089AC9 /* Build configuration list for PBXNativeTarget "ExchangeDemoTests" */;
			buildPhases = (
				AB9FF57F2435B9A700089AC9 /* Sources */,
				AB9FF5802435B9A700089AC9 /* Frameworks */,
				AB9FF5812435B9A700089AC9 /* Resources */,
			);
			buildRules = (
			);
			dependencies = (
				AB9FF5852435B9A700089AC9 /* PBXTargetDependency */,
			);
			name = ExchangeDemoTests;
			productName = ExchangeDemoTests;
			productReference = AB9FF5832435B9A700089AC9 /* ExchangeDemoTests.xctest */;
			productType = "com.apple.product-type.bundle.unit-test";
		};
/* End PBXNativeTarget section */

/* Begin PBXProject section */
		AB9FF5652435B9A500089AC9 /* Project object */ = {
			isa = PBXProject;
			attributes = {
				LastSwiftUpdateCheck = 1140;
				LastUpgradeCheck = 1140;
				ORGANIZATIONNAME = teonicel;
				TargetAttributes = {
					AB9FF56C2435B9A500089AC9 = {
						CreatedOnToolsVersion = 11.4;
					};
					AB9FF5822435B9A700089AC9 = {
						CreatedOnToolsVersion = 11.4;
						TestTargetID = AB9FF56C2435B9A500089AC9;
					};
				};
			};
			buildConfigurationList = AB9FF5682435B9A500089AC9 /* Build configuration list for PBXProject "ExchangeDemo" */;
			compatibilityVersion = "Xcode 9.3";
			developmentRegion = en;
			hasScannedForEncodings = 0;
			knownRegions = (
				en,
				Base,
			);
			mainGroup = AB9FF5642435B9A500089AC9;
			packageReferences = (
				ABC57AAD2435C0E800A8E901 /* XCRemoteSwiftPackageReference "Alamofire" */,
			);
			productRefGroup = AB9FF56E2435B9A500089AC9 /* Products */;
			projectDirPath = "";
			projectRoot = "";
			targets = (
				AB9FF56C2435B9A500089AC9 /* ExchangeDemo */,
				AB9FF5822435B9A700089AC9 /* ExchangeDemoTests */,
			);
		};
/* End PBXProject section */

/* Begin PBXResourcesBuildPhase section */
		AB9FF56B2435B9A500089AC9 /* Resources */ = {
			isa = PBXResourcesBuildPhase;
			buildActionMask = 2147483647;
			files = (
				AB9FF57D2435B9A700089AC9 /* LaunchScreen.storyboard in Resources */,
				AB9FF57A2435B9A700089AC9 /* Assets.xcassets in Resources */,
			);
			runOnlyForDeploymentPostprocessing = 0;
		};
		AB9FF5812435B9A700089AC9 /* Resources */ = {
			isa = PBXResourcesBuildPhase;
			buildActionMask = 2147483647;
			files = (
			);
			runOnlyForDeploymentPostprocessing = 0;
		};
/* End PBXResourcesBuildPhase section */

/* Begin PBXSourcesBuildPhase section */
		AB9FF5692435B9A500089AC9 /* Sources */ = {
			isa = PBXSourcesBuildPhase;
			buildActionMask = 2147483647;
			files = (
				ABC57AD9243A483800A8E901 /* Decimal+Extensions.swift in Sources */,
				AB9FF5A22435BAA400089AC9 /* CurrencyHistoryViewModel.swift in Sources */,
				AB9FF5712435B9A500089AC9 /* AppDelegate.swift in Sources */,
				AB9FF5A52435BAC200089AC9 /* SettingsViewController.swift in Sources */,
				AB9FF59D2435BA8900089AC9 /* CurrencyListViewModel.swift in Sources */,
				ABC57AE4243AFEC100A8E901 /* CurrencyHistoryCell.swift in Sources */,
				ABC57AC52437507A00A8E901 /* UIEdgesInsets.swift in Sources */,
				AB9FF5AA2435BB0000089AC9 /* ExchangeConnection.swift in Sources */,
				ABC57AC82437529800A8E901 /* Coordinator.swift in Sources */,
				ABC57AB424367F0E00A8E901 /* Collection+Extensions.swift in Sources */,
				ABC57ABC2436900500A8E901 /* NumberFormatter+Extensions.swift in Sources */,
				ABC57AC324372E2900A8E901 /* DateFormatter.swift in Sources */,
				ABC57ADB243A4A5F00A8E901 /* Date+Extensions.swift in Sources */,
				ABC57ACC2437539000A8E901 /* UIViewController+Extensions.swift in Sources */,
				AB9FF59E2435BA8900089AC9 /* CurrencyListViewController.swift in Sources */,
				ABC57AD1243A1D5000A8E901 /* UIStackview+Extensions.swift in Sources */,
				ABC57AED243B03AE00A8E901 /* ChartColors.swift in Sources */,
				ABC57ACA243752A500A8E901 /* AppCoordinator.swift in Sources */,
				AB9FF5732435B9A500089AC9 /* SceneDelegate.swift in Sources */,
				ABC57AB624367F9B00A8E901 /* Autolayout+Extensions.swift in Sources */,
				ABC57AEE243B03AE00A8E901 /* Chart.swift in Sources */,
				ABC57AB224366FE900A8E901 /* UITableViewCell+Extensions.swift in Sources */,
				ABC57AD3243A2F6200A8E901 /* Settings.swift in Sources */,
				ABC57AEC243B03AE00A8E901 /* ChartSeries.swift in Sources */,
				AB9FF5A82435BADF00089AC9 /* SceneModuleFactory.swift in Sources */,
				ABC57ACF243A1C1400A8E901 /* UILabel+Extenions.swift in Sources */,
				AB9FF5A12435BAA400089AC9 /* CurrencyHistoryViewController.swift in Sources */,
				ABC57ABA24368B6A00A8E901 /* CurrencyListCell.swift in Sources */,
				AB9FF5A62435BAC200089AC9 /* SettingsViewModel.swift in Sources */,
				ABC57AD5243A2FD800A8E901 /* CodablePersistency.swift in Sources */,
			);
			runOnlyForDeploymentPostprocessing = 0;
		};
		AB9FF57F2435B9A700089AC9 /* Sources */ = {
			isa = PBXSourcesBuildPhase;
			buildActionMask = 2147483647;
			files = (
				AB9FF5882435B9A700089AC9 /* ExchangeDemoTests.swift in Sources */,
			);
			runOnlyForDeploymentPostprocessing = 0;
		};
/* End PBXSourcesBuildPhase section */

/* Begin PBXTargetDependency section */
		AB9FF5852435B9A700089AC9 /* PBXTargetDependency */ = {
			isa = PBXTargetDependency;
			target = AB9FF56C2435B9A500089AC9 /* ExchangeDemo */;
			targetProxy = AB9FF5842435B9A700089AC9 /* PBXContainerItemProxy */;
		};
/* End PBXTargetDependency section */

/* Begin PBXVariantGroup section */
		AB9FF57B2435B9A700089AC9 /* LaunchScreen.storyboard */ = {
			isa = PBXVariantGroup;
			children = (
				AB9FF57C2435B9A700089AC9 /* Base */,
			);
			name = LaunchScreen.storyboard;
			sourceTree = "<group>";
		};
/* End PBXVariantGroup section */

/* Begin XCBuildConfiguration section */
		AB9FF58A2435B9A700089AC9 /* Debug */ = {
			isa = XCBuildConfiguration;
			buildSettings = {
				ALWAYS_SEARCH_USER_PATHS = NO;
				CLANG_ANALYZER_NONNULL = YES;
				CLANG_ANALYZER_NUMBER_OBJECT_CONVERSION = YES_AGGRESSIVE;
				CLANG_CXX_LANGUAGE_STANDARD = "gnu++14";
				CLANG_CXX_LIBRARY = "libc++";
				CLANG_ENABLE_MODULES = YES;
				CLANG_ENABLE_OBJC_ARC = YES;
				CLANG_ENABLE_OBJC_WEAK = YES;
				CLANG_WARN_BLOCK_CAPTURE_AUTORELEASING = YES;
				CLANG_WARN_BOOL_CONVERSION = YES;
				CLANG_WARN_COMMA = YES;
				CLANG_WARN_CONSTANT_CONVERSION = YES;
				CLANG_WARN_DEPRECATED_OBJC_IMPLEMENTATIONS = YES;
				CLANG_WARN_DIRECT_OBJC_ISA_USAGE = YES_ERROR;
				CLANG_WARN_DOCUMENTATION_COMMENTS = YES;
				CLANG_WARN_EMPTY_BODY = YES;
				CLANG_WARN_ENUM_CONVERSION = YES;
				CLANG_WARN_INFINITE_RECURSION = YES;
				CLANG_WARN_INT_CONVERSION = YES;
				CLANG_WARN_NON_LITERAL_NULL_CONVERSION = YES;
				CLANG_WARN_OBJC_IMPLICIT_RETAIN_SELF = YES;
				CLANG_WARN_OBJC_LITERAL_CONVERSION = YES;
				CLANG_WARN_OBJC_ROOT_CLASS = YES_ERROR;
				CLANG_WARN_RANGE_LOOP_ANALYSIS = YES;
				CLANG_WARN_STRICT_PROTOTYPES = YES;
				CLANG_WARN_SUSPICIOUS_MOVE = YES;
				CLANG_WARN_UNGUARDED_AVAILABILITY = YES_AGGRESSIVE;
				CLANG_WARN_UNREACHABLE_CODE = YES;
				CLANG_WARN__DUPLICATE_METHOD_MATCH = YES;
				COPY_PHASE_STRIP = NO;
				DEBUG_INFORMATION_FORMAT = dwarf;
				ENABLE_STRICT_OBJC_MSGSEND = YES;
				ENABLE_TESTABILITY = YES;
				GCC_C_LANGUAGE_STANDARD = gnu11;
				GCC_DYNAMIC_NO_PIC = NO;
				GCC_NO_COMMON_BLOCKS = YES;
				GCC_OPTIMIZATION_LEVEL = 0;
				GCC_PREPROCESSOR_DEFINITIONS = (
					"DEBUG=1",
					"$(inherited)",
				);
				GCC_WARN_64_TO_32_BIT_CONVERSION = YES;
				GCC_WARN_ABOUT_RETURN_TYPE = YES_ERROR;
				GCC_WARN_UNDECLARED_SELECTOR = YES;
				GCC_WARN_UNINITIALIZED_AUTOS = YES_AGGRESSIVE;
				GCC_WARN_UNUSED_FUNCTION = YES;
				GCC_WARN_UNUSED_VARIABLE = YES;
				IPHONEOS_DEPLOYMENT_TARGET = 13.4;
				MTL_ENABLE_DEBUG_INFO = INCLUDE_SOURCE;
				MTL_FAST_MATH = YES;
				ONLY_ACTIVE_ARCH = YES;
				SDKROOT = iphoneos;
				SWIFT_ACTIVE_COMPILATION_CONDITIONS = DEBUG;
				SWIFT_OPTIMIZATION_LEVEL = "-Onone";
			};
			name = Debug;
		};
		AB9FF58B2435B9A700089AC9 /* Release */ = {
			isa = XCBuildConfiguration;
			buildSettings = {
				ALWAYS_SEARCH_USER_PATHS = NO;
				CLANG_ANALYZER_NONNULL = YES;
				CLANG_ANALYZER_NUMBER_OBJECT_CONVERSION = YES_AGGRESSIVE;
				CLANG_CXX_LANGUAGE_STANDARD = "gnu++14";
				CLANG_CXX_LIBRARY = "libc++";
				CLANG_ENABLE_MODULES = YES;
				CLANG_ENABLE_OBJC_ARC = YES;
				CLANG_ENABLE_OBJC_WEAK = YES;
				CLANG_WARN_BLOCK_CAPTURE_AUTORELEASING = YES;
				CLANG_WARN_BOOL_CONVERSION = YES;
				CLANG_WARN_COMMA = YES;
				CLANG_WARN_CONSTANT_CONVERSION = YES;
				CLANG_WARN_DEPRECATED_OBJC_IMPLEMENTATIONS = YES;
				CLANG_WARN_DIRECT_OBJC_ISA_USAGE = YES_ERROR;
				CLANG_WARN_DOCUMENTATION_COMMENTS = YES;
				CLANG_WARN_EMPTY_BODY = YES;
				CLANG_WARN_ENUM_CONVERSION = YES;
				CLANG_WARN_INFINITE_RECURSION = YES;
				CLANG_WARN_INT_CONVERSION = YES;
				CLANG_WARN_NON_LITERAL_NULL_CONVERSION = YES;
				CLANG_WARN_OBJC_IMPLICIT_RETAIN_SELF = YES;
				CLANG_WARN_OBJC_LITERAL_CONVERSION = YES;
				CLANG_WARN_OBJC_ROOT_CLASS = YES_ERROR;
				CLANG_WARN_RANGE_LOOP_ANALYSIS = YES;
				CLANG_WARN_STRICT_PROTOTYPES = YES;
				CLANG_WARN_SUSPICIOUS_MOVE = YES;
				CLANG_WARN_UNGUARDED_AVAILABILITY = YES_AGGRESSIVE;
				CLANG_WARN_UNREACHABLE_CODE = YES;
				CLANG_WARN__DUPLICATE_METHOD_MATCH = YES;
				COPY_PHASE_STRIP = NO;
				DEBUG_INFORMATION_FORMAT = "dwarf-with-dsym";
				ENABLE_NS_ASSERTIONS = NO;
				ENABLE_STRICT_OBJC_MSGSEND = YES;
				GCC_C_LANGUAGE_STANDARD = gnu11;
				GCC_NO_COMMON_BLOCKS = YES;
				GCC_WARN_64_TO_32_BIT_CONVERSION = YES;
				GCC_WARN_ABOUT_RETURN_TYPE = YES_ERROR;
				GCC_WARN_UNDECLARED_SELECTOR = YES;
				GCC_WARN_UNINITIALIZED_AUTOS = YES_AGGRESSIVE;
				GCC_WARN_UNUSED_FUNCTION = YES;
				GCC_WARN_UNUSED_VARIABLE = YES;
				IPHONEOS_DEPLOYMENT_TARGET = 13.4;
				MTL_ENABLE_DEBUG_INFO = NO;
				MTL_FAST_MATH = YES;
				SDKROOT = iphoneos;
				SWIFT_COMPILATION_MODE = wholemodule;
				SWIFT_OPTIMIZATION_LEVEL = "-O";
				VALIDATE_PRODUCT = YES;
			};
			name = Release;
		};
		AB9FF58D2435B9A700089AC9 /* Debug */ = {
			isa = XCBuildConfiguration;
			buildSettings = {
				ASSETCATALOG_COMPILER_APPICON_NAME = AppIcon;
				CODE_SIGN_STYLE = Automatic;
				DEVELOPMENT_TEAM = EFF46NFJ5B;
				INFOPLIST_FILE = ExchangeDemo/Info.plist;
				LD_RUNPATH_SEARCH_PATHS = (
					"$(inherited)",
					"@executable_path/Frameworks",
				);
				PRODUCT_BUNDLE_IDENTIFIER = com.teonicel.ExchangeDemo;
				PRODUCT_NAME = "$(TARGET_NAME)";
				SWIFT_VERSION = 5.0;
				TARGETED_DEVICE_FAMILY = "1,2";
			};
			name = Debug;
		};
		AB9FF58E2435B9A700089AC9 /* Release */ = {
			isa = XCBuildConfiguration;
			buildSettings = {
				ASSETCATALOG_COMPILER_APPICON_NAME = AppIcon;
				CODE_SIGN_STYLE = Automatic;
				DEVELOPMENT_TEAM = EFF46NFJ5B;
				INFOPLIST_FILE = ExchangeDemo/Info.plist;
				LD_RUNPATH_SEARCH_PATHS = (
					"$(inherited)",
					"@executable_path/Frameworks",
				);
				PRODUCT_BUNDLE_IDENTIFIER = com.teonicel.ExchangeDemo;
				PRODUCT_NAME = "$(TARGET_NAME)";
				SWIFT_VERSION = 5.0;
				TARGETED_DEVICE_FAMILY = "1,2";
			};
			name = Release;
		};
		AB9FF5902435B9A700089AC9 /* Debug */ = {
			isa = XCBuildConfiguration;
			buildSettings = {
				ALWAYS_EMBED_SWIFT_STANDARD_LIBRARIES = YES;
				BUNDLE_LOADER = "$(TEST_HOST)";
				CODE_SIGN_STYLE = Automatic;
				DEVELOPMENT_TEAM = EFF46NFJ5B;
				INFOPLIST_FILE = ExchangeDemoTests/Info.plist;
				IPHONEOS_DEPLOYMENT_TARGET = 13.4;
				LD_RUNPATH_SEARCH_PATHS = (
					"$(inherited)",
					"@executable_path/Frameworks",
					"@loader_path/Frameworks",
				);
				PRODUCT_BUNDLE_IDENTIFIER = com.teonicel.ExchangeDemoTests;
				PRODUCT_NAME = "$(TARGET_NAME)";
				SWIFT_VERSION = 5.0;
				TARGETED_DEVICE_FAMILY = "1,2";
				TEST_HOST = "$(BUILT_PRODUCTS_DIR)/ExchangeDemo.app/ExchangeDemo";
			};
			name = Debug;
		};
		AB9FF5912435B9A700089AC9 /* Release */ = {
			isa = XCBuildConfiguration;
			buildSettings = {
				ALWAYS_EMBED_SWIFT_STANDARD_LIBRARIES = YES;
				BUNDLE_LOADER = "$(TEST_HOST)";
				CODE_SIGN_STYLE = Automatic;
				DEVELOPMENT_TEAM = EFF46NFJ5B;
				INFOPLIST_FILE = ExchangeDemoTests/Info.plist;
				IPHONEOS_DEPLOYMENT_TARGET = 13.4;
				LD_RUNPATH_SEARCH_PATHS = (
					"$(inherited)",
					"@executable_path/Frameworks",
					"@loader_path/Frameworks",
				);
				PRODUCT_BUNDLE_IDENTIFIER = com.teonicel.ExchangeDemoTests;
				PRODUCT_NAME = "$(TARGET_NAME)";
				SWIFT_VERSION = 5.0;
				TARGETED_DEVICE_FAMILY = "1,2";
				TEST_HOST = "$(BUILT_PRODUCTS_DIR)/ExchangeDemo.app/ExchangeDemo";
			};
			name = Release;
		};
/* End XCBuildConfiguration section */

/* Begin XCConfigurationList section */
		AB9FF5682435B9A500089AC9 /* Build configuration list for PBXProject "ExchangeDemo" */ = {
			isa = XCConfigurationList;
			buildConfigurations = (
				AB9FF58A2435B9A700089AC9 /* Debug */,
				AB9FF58B2435B9A700089AC9 /* Release */,
			);
			defaultConfigurationIsVisible = 0;
			defaultConfigurationName = Release;
		};
		AB9FF58C2435B9A700089AC9 /* Build configuration list for PBXNativeTarget "ExchangeDemo" */ = {
			isa = XCConfigurationList;
			buildConfigurations = (
				AB9FF58D2435B9A700089AC9 /* Debug */,
				AB9FF58E2435B9A700089AC9 /* Release */,
			);
			defaultConfigurationIsVisible = 0;
			defaultConfigurationName = Release;
		};
		AB9FF58F2435B9A700089AC9 /* Build configuration list for PBXNativeTarget "ExchangeDemoTests" */ = {
			isa = XCConfigurationList;
			buildConfigurations = (
				AB9FF5902435B9A700089AC9 /* Debug */,
				AB9FF5912435B9A700089AC9 /* Release */,
			);
			defaultConfigurationIsVisible = 0;
			defaultConfigurationName = Release;
		};
/* End XCConfigurationList section */

/* Begin XCRemoteSwiftPackageReference section */
		ABC57AAD2435C0E800A8E901 /* XCRemoteSwiftPackageReference "Alamofire" */ = {
			isa = XCRemoteSwiftPackageReference;
			repositoryURL = "https://github.com/Alamofire/Alamofire.git";
			requirement = {
				kind = upToNextMajorVersion;
				minimumVersion = 5.0.5;
			};
		};
/* End XCRemoteSwiftPackageReference section */

/* Begin XCSwiftPackageProductDependency section */
		ABC57AAE2435C0E800A8E901 /* Alamofire */ = {
			isa = XCSwiftPackageProductDependency;
			package = ABC57AAD2435C0E800A8E901 /* XCRemoteSwiftPackageReference "Alamofire" */;
			productName = Alamofire;
		};
/* End XCSwiftPackageProductDependency section */
	};
	rootObject = AB9FF5652435B9A500089AC9 /* Project object */;
}
